
Microsoft Visual Studio Solution File, Format Version 12.00
# Visual Studio Version 16
VisualStudioVersion = 16.0.30611.23
MinimumVisualStudioVersion = 10.0.40219.1
Project("{8BC9CEB8-8B4A-11D0-8D11-00A0C91BC942}") = "LadyBug_Server", "LadyBug_Server\LadyBug_Server.vcxproj", "{4C4DEEAA-AD34-4F73-AE44-5BD5C2D84F91}"
EndProject
Global
	GlobalSection(SolutionConfigurationPlatforms) = preSolution
		Debug|x64 = Debug|x64
		Debug|x86 = Debug|x86
		Release|x64 = Release|x64
		Release|x86 = Release|x86
	EndGlobalSection
	GlobalSection(ProjectConfigurationPlatforms) = postSolution
		{4C4DEEAA-AD34-4F73-AE44-5BD5C2D84F91}.Debug|x64.ActiveCfg = Debug|x64
		{4C4DEEAA-AD34-4F73-AE44-5BD5C2D84F91}.Debug|x64.Build.0 = Debug|x64
		{4C4DEEAA-AD34-4F73-AE44-5BD5C2D84F91}.Debug|x86.ActiveCfg = Debug|Win32
		{4C4DEEAA-AD34-4F73-AE44-5BD5C2D84F91}.Debug|x86.Build.0 = Debug|Win32
		{4C4DEEAA-AD34-4F73-AE44-5BD5C2D84F91}.Release|x64.ActiveCfg = Release|x64
		{4C4DEEAA-AD34-4F73-AE44-5BD5C2D84F91}.Release|x64.Build.0 = Release|x64
		{4C4DEEAA-AD34-4F73-AE44-5BD5C2D84F91}.Release|x86.ActiveCfg = Release|Win32
		{4C4DEEAA-AD34-4F73-AE44-5BD5C2D84F91}.Release|x86.Build.0 = Release|Win32
	EndGlobalSection
	GlobalSection(SolutionProperties) = preSolution
		HideSolutionNode = FALSE
	EndGlobalSection
	GlobalSection(ExtensibilityGlobals) = postSolution
		SolutionGuid = {741B526B-1982-497D-A8FE-23A61873E1B4}
	EndGlobalSection
EndGlobal
